// !$*UTF8*$!
{
	archiveVersion = 1;
	classes = {
	};
	objectVersion = 46;
	objects = {

/* Begin PBXBuildFile section */
		537379291AF30406005DFD06 /* AppDelegate.swift in Sources */ = {isa = PBXBuildFile; fileRef = 537379281AF30406005DFD06 /* AppDelegate.swift */; };
		5373792E1AF30406005DFD06 /* Main.storyboard in Resources */ = {isa = PBXBuildFile; fileRef = 5373792C1AF30406005DFD06 /* Main.storyboard */; };
		537379301AF30406005DFD06 /* Images.xcassets in Resources */ = {isa = PBXBuildFile; fileRef = 5373792F1AF30406005DFD06 /* Images.xcassets */; };
		537379331AF30406005DFD06 /* LaunchScreen.xib in Resources */ = {isa = PBXBuildFile; fileRef = 537379311AF30406005DFD06 /* LaunchScreen.xib */; };
		5373793F1AF30406005DFD06 /* EsrapTests.swift in Sources */ = {isa = PBXBuildFile; fileRef = 5373793E1AF30406005DFD06 /* EsrapTests.swift */; };
		5373794C1AF30588005DFD06 /* LoginViewController.swift in Sources */ = {isa = PBXBuildFile; fileRef = 5373794B1AF30588005DFD06 /* LoginViewController.swift */; };
		B972CB4FA1B0A63D62446789 /* libPods-Esrap.a in Frameworks */ = {isa = PBXBuildFile; fileRef = 61BA3BCA2C6DDC3ECBEAE987 /* libPods-Esrap.a */; };
/* End PBXBuildFile section */

/* Begin PBXContainerItemProxy section */
		537379391AF30406005DFD06 /* PBXContainerItemProxy */ = {
			isa = PBXContainerItemProxy;
			containerPortal = 5373791B1AF30406005DFD06 /* Project object */;
			proxyType = 1;
			remoteGlobalIDString = 537379221AF30406005DFD06;
			remoteInfo = Esrap;
		};
/* End PBXContainerItemProxy section */

/* Begin PBXFileReference section */
		21DA0F054014E442B8965709 /* Pods-Esrap.debug.xcconfig */ = {isa = PBXFileReference; includeInIndex = 1; lastKnownFileType = text.xcconfig; name = "Pods-Esrap.debug.xcconfig"; path = "Pods/Target Support Files/Pods-Esrap/Pods-Esrap.debug.xcconfig"; sourceTree = "<group>"; };
		537379231AF30406005DFD06 /* Esrap.app */ = {isa = PBXFileReference; explicitFileType = wrapper.application; includeInIndex = 0; path = Esrap.app; sourceTree = BUILT_PRODUCTS_DIR; };
		537379271AF30406005DFD06 /* Info.plist */ = {isa = PBXFileReference; lastKnownFileType = text.plist.xml; path = Info.plist; sourceTree = "<group>"; };
		537379281AF30406005DFD06 /* AppDelegate.swift */ = {isa = PBXFileReference; lastKnownFileType = sourcecode.swift; path = AppDelegate.swift; sourceTree = "<group>"; };
		5373792D1AF30406005DFD06 /* Base */ = {isa = PBXFileReference; lastKnownFileType = file.storyboard; name = Base; path = Base.lproj/Main.storyboard; sourceTree = "<group>"; };
		5373792F1AF30406005DFD06 /* Images.xcassets */ = {isa = PBXFileReference; lastKnownFileType = folder.assetcatalog; path = Images.xcassets; sourceTree = "<group>"; };
		537379321AF30406005DFD06 /* Base */ = {isa = PBXFileReference; lastKnownFileType = file.xib; name = Base; path = Base.lproj/LaunchScreen.xib; sourceTree = "<group>"; };
		537379381AF30406005DFD06 /* EsrapTests.xctest */ = {isa = PBXFileReference; explicitFileType = wrapper.cfbundle; includeInIndex = 0; path = EsrapTests.xctest; sourceTree = BUILT_PRODUCTS_DIR; };
		5373793D1AF30406005DFD06 /* Info.plist */ = {isa = PBXFileReference; lastKnownFileType = text.plist.xml; path = Info.plist; sourceTree = "<group>"; };
		5373793E1AF30406005DFD06 /* EsrapTests.swift */ = {isa = PBXFileReference; lastKnownFileType = sourcecode.swift; path = EsrapTests.swift; sourceTree = "<group>"; };
		537379481AF304CE005DFD06 /* Esrap-Bridging-Header.h */ = {isa = PBXFileReference; lastKnownFileType = sourcecode.c.h; path = "Esrap-Bridging-Header.h"; sourceTree = "<group>"; };
		5373794B1AF30588005DFD06 /* LoginViewController.swift */ = {isa = PBXFileReference; fileEncoding = 4; lastKnownFileType = sourcecode.swift; path = LoginViewController.swift; sourceTree = "<group>"; };
		61BA3BCA2C6DDC3ECBEAE987 /* libPods-Esrap.a */ = {isa = PBXFileReference; explicitFileType = archive.ar; includeInIndex = 0; path = "libPods-Esrap.a"; sourceTree = BUILT_PRODUCTS_DIR; };
		8259BECF67AA225DD6732EF3 /* Pods-Esrap.release.xcconfig */ = {isa = PBXFileReference; includeInIndex = 1; lastKnownFileType = text.xcconfig; name = "Pods-Esrap.release.xcconfig"; path = "Pods/Target Support Files/Pods-Esrap/Pods-Esrap.release.xcconfig"; sourceTree = "<group>"; };
/* End PBXFileReference section */

/* Begin PBXFrameworksBuildPhase section */
		537379201AF30406005DFD06 /* Frameworks */ = {
			isa = PBXFrameworksBuildPhase;
			buildActionMask = 2147483647;
			files = (
				B972CB4FA1B0A63D62446789 /* libPods-Esrap.a in Frameworks */,
			);
			runOnlyForDeploymentPostprocessing = 0;
		};
		537379351AF30406005DFD06 /* Frameworks */ = {
			isa = PBXFrameworksBuildPhase;
			buildActionMask = 2147483647;
			files = (
			);
			runOnlyForDeploymentPostprocessing = 0;
		};
/* End PBXFrameworksBuildPhase section */

/* Begin PBXGroup section */
		5373791A1AF30406005DFD06 = {
			isa = PBXGroup;
			children = (
				537379251AF30406005DFD06 /* Esrap */,
				5373793B1AF30406005DFD06 /* EsrapTests */,
				537379241AF30406005DFD06 /* Products */,
				537379481AF304CE005DFD06 /* Esrap-Bridging-Header.h */,
				9699F89624F07CABA01C62F0 /* Pods */,
				54B5EF19BB19F0F33FF181BA /* Frameworks */,
			);
			sourceTree = "<group>";
		};
		537379241AF30406005DFD06 /* Products */ = {
			isa = PBXGroup;
			children = (
				537379231AF30406005DFD06 /* Esrap.app */,
				537379381AF30406005DFD06 /* EsrapTests.xctest */,
			);
			name = Products;
			sourceTree = "<group>";
		};
		537379251AF30406005DFD06 /* Esrap */ = {
			isa = PBXGroup;
			children = (
				537379281AF30406005DFD06 /* AppDelegate.swift */,
				5373792C1AF30406005DFD06 /* Main.storyboard */,
				5373792F1AF30406005DFD06 /* Images.xcassets */,
				537379311AF30406005DFD06 /* LaunchScreen.xib */,
				537379261AF30406005DFD06 /* Supporting Files */,
				5373794B1AF30588005DFD06 /* LoginViewController.swift */,
			);
			path = Esrap;
			sourceTree = "<group>";
		};
		537379261AF30406005DFD06 /* Supporting Files */ = {
			isa = PBXGroup;
			children = (
				537379271AF30406005DFD06 /* Info.plist */,
			);
			name = "Supporting Files";
			sourceTree = "<group>";
		};
		5373793B1AF30406005DFD06 /* EsrapTests */ = {
			isa = PBXGroup;
			children = (
				5373793E1AF30406005DFD06 /* EsrapTests.swift */,
				5373793C1AF30406005DFD06 /* Supporting Files */,
			);
			path = EsrapTests;
			sourceTree = "<group>";
		};
		5373793C1AF30406005DFD06 /* Supporting Files */ = {
			isa = PBXGroup;
			children = (
				5373793D1AF30406005DFD06 /* Info.plist */,
			);
			name = "Supporting Files";
			sourceTree = "<group>";
		};
		54B5EF19BB19F0F33FF181BA /* Frameworks */ = {
			isa = PBXGroup;
			children = (
				61BA3BCA2C6DDC3ECBEAE987 /* libPods-Esrap.a */,
			);
			name = Frameworks;
			sourceTree = "<group>";
		};
		9699F89624F07CABA01C62F0 /* Pods */ = {
			isa = PBXGroup;
			children = (
				21DA0F054014E442B8965709 /* Pods-Esrap.debug.xcconfig */,
				8259BECF67AA225DD6732EF3 /* Pods-Esrap.release.xcconfig */,
			);
			name = Pods;
			sourceTree = "<group>";
		};
/* End PBXGroup section */

/* Begin PBXNativeTarget section */
		537379221AF30406005DFD06 /* Esrap */ = {
			isa = PBXNativeTarget;
			buildConfigurationList = 537379421AF30406005DFD06 /* Build configuration list for PBXNativeTarget "Esrap" */;
			buildPhases = (
				308B886A72722C8C17199ABB /* Check Pods Manifest.lock */,
				5373791F1AF30406005DFD06 /* Sources */,
				537379201AF30406005DFD06 /* Frameworks */,
				537379211AF30406005DFD06 /* Resources */,
				F1CC1C7B230CB77B5390C6E9 /* Copy Pods Resources */,
			);
			buildRules = (
			);
			dependencies = (
			);
			name = Esrap;
			productName = Esrap;
			productReference = 537379231AF30406005DFD06 /* Esrap.app */;
			productType = "com.apple.product-type.application";
		};
		537379371AF30406005DFD06 /* EsrapTests */ = {
			isa = PBXNativeTarget;
			buildConfigurationList = 537379451AF30406005DFD06 /* Build configuration list for PBXNativeTarget "EsrapTests" */;
			buildPhases = (
				537379341AF30406005DFD06 /* Sources */,
				537379351AF30406005DFD06 /* Frameworks */,
				537379361AF30406005DFD06 /* Resources */,
			);
			buildRules = (
			);
			dependencies = (
				5373793A1AF30406005DFD06 /* PBXTargetDependency */,
			);
			name = EsrapTests;
			productName = EsrapTests;
			productReference = 537379381AF30406005DFD06 /* EsrapTests.xctest */;
			productType = "com.apple.product-type.bundle.unit-test";
		};
/* End PBXNativeTarget section */

/* Begin PBXProject section */
		5373791B1AF30406005DFD06 /* Project object */ = {
			isa = PBXProject;
			attributes = {
				LastUpgradeCheck = 0630;
				ORGANIZATIONNAME = Rdio;
				TargetAttributes = {
					537379221AF30406005DFD06 = {
						CreatedOnToolsVersion = 6.3.1;
					};
					537379371AF30406005DFD06 = {
						CreatedOnToolsVersion = 6.3.1;
						TestTargetID = 537379221AF30406005DFD06;
					};
				};
			};
			buildConfigurationList = 5373791E1AF30406005DFD06 /* Build configuration list for PBXProject "Esrap" */;
			compatibilityVersion = "Xcode 3.2";
			developmentRegion = English;
			hasScannedForEncodings = 0;
			knownRegions = (
				en,
				Base,
			);
			mainGroup = 5373791A1AF30406005DFD06;
			productRefGroup = 537379241AF30406005DFD06 /* Products */;
			projectDirPath = "";
			projectRoot = "";
			targets = (
				537379221AF30406005DFD06 /* Esrap */,
				537379371AF30406005DFD06 /* EsrapTests */,
			);
		};
/* End PBXProject section */

/* Begin PBXResourcesBuildPhase section */
		537379211AF30406005DFD06 /* Resources */ = {
			isa = PBXResourcesBuildPhase;
			buildActionMask = 2147483647;
			files = (
				5373792E1AF30406005DFD06 /* Main.storyboard in Resources */,
				537379331AF30406005DFD06 /* LaunchScreen.xib in Resources */,
				537379301AF30406005DFD06 /* Images.xcassets in Resources */,
			);
			runOnlyForDeploymentPostprocessing = 0;
		};
		537379361AF30406005DFD06 /* Resources */ = {
			isa = PBXResourcesBuildPhase;
			buildActionMask = 2147483647;
			files = (
			);
			runOnlyForDeploymentPostprocessing = 0;
		};
/* End PBXResourcesBuildPhase section */

/* Begin PBXShellScriptBuildPhase section */
		308B886A72722C8C17199ABB /* Check Pods Manifest.lock */ = {
			isa = PBXShellScriptBuildPhase;
			buildActionMask = 2147483647;
			files = (
			);
			inputPaths = (
			);
			name = "Check Pods Manifest.lock";
			outputPaths = (
			);
			runOnlyForDeploymentPostprocessing = 0;
			shellPath = /bin/sh;
			shellScript = "diff \"${PODS_ROOT}/../Podfile.lock\" \"${PODS_ROOT}/Manifest.lock\" > /dev/null\nif [[ $? != 0 ]] ; then\n    cat << EOM\nerror: The sandbox is not in sync with the Podfile.lock. Run 'pod install' or update your CocoaPods installation.\nEOM\n    exit 1\nfi\n";
			showEnvVarsInLog = 0;
		};
		F1CC1C7B230CB77B5390C6E9 /* Copy Pods Resources */ = {
			isa = PBXShellScriptBuildPhase;
			buildActionMask = 2147483647;
			files = (
			);
			inputPaths = (
			);
			name = "Copy Pods Resources";
			outputPaths = (
			);
			runOnlyForDeploymentPostprocessing = 0;
			shellPath = /bin/sh;
			shellScript = "\"${SRCROOT}/Pods/Target Support Files/Pods-Esrap/Pods-Esrap-resources.sh\"\n";
			showEnvVarsInLog = 0;
		};
/* End PBXShellScriptBuildPhase section */

/* Begin PBXSourcesBuildPhase section */
		5373791F1AF30406005DFD06 /* Sources */ = {
			isa = PBXSourcesBuildPhase;
			buildActionMask = 2147483647;
			files = (
				5373794C1AF30588005DFD06 /* LoginViewController.swift in Sources */,
				537379291AF30406005DFD06 /* AppDelegate.swift in Sources */,
			);
			runOnlyForDeploymentPostprocessing = 0;
		};
		537379341AF30406005DFD06 /* Sources */ = {
			isa = PBXSourcesBuildPhase;
			buildActionMask = 2147483647;
			files = (
				5373793F1AF30406005DFD06 /* EsrapTests.swift in Sources */,
			);
			runOnlyForDeploymentPostprocessing = 0;
		};
/* End PBXSourcesBuildPhase section */

/* Begin PBXTargetDependency section */
		5373793A1AF30406005DFD06 /* PBXTargetDependency */ = {
			isa = PBXTargetDependency;
			target = 537379221AF30406005DFD06 /* Esrap */;
			targetProxy = 537379391AF30406005DFD06 /* PBXContainerItemProxy */;
		};
/* End PBXTargetDependency section */

/* Begin PBXVariantGroup section */
		5373792C1AF30406005DFD06 /* Main.storyboard */ = {
			isa = PBXVariantGroup;
			children = (
				5373792D1AF30406005DFD06 /* Base */,
			);
			name = Main.storyboard;
			sourceTree = "<group>";
		};
		537379311AF30406005DFD06 /* LaunchScreen.xib */ = {
			isa = PBXVariantGroup;
			children = (
				537379321AF30406005DFD06 /* Base */,
			);
			name = LaunchScreen.xib;
			sourceTree = "<group>";
		};
/* End PBXVariantGroup section */

/* Begin XCBuildConfiguration section */
		537379401AF30406005DFD06 /* Debug */ = {
			isa = XCBuildConfiguration;
			buildSettings = {
				ALWAYS_SEARCH_USER_PATHS = NO;
				CLANG_CXX_LANGUAGE_STANDARD = "gnu++0x";
				CLANG_CXX_LIBRARY = "libc++";
				CLANG_ENABLE_MODULES = YES;
				CLANG_ENABLE_OBJC_ARC = YES;
				CLANG_WARN_BOOL_CONVERSION = YES;
				CLANG_WARN_CONSTANT_CONVERSION = YES;
				CLANG_WARN_DIRECT_OBJC_ISA_USAGE = YES_ERROR;
				CLANG_WARN_EMPTY_BODY = YES;
				CLANG_WARN_ENUM_CONVERSION = YES;
				CLANG_WARN_INT_CONVERSION = YES;
				CLANG_WARN_OBJC_ROOT_CLASS = YES_ERROR;
				CLANG_WARN_UNREACHABLE_CODE = YES;
				CLANG_WARN__DUPLICATE_METHOD_MATCH = YES;
				"CODE_SIGN_IDENTITY[sdk=iphoneos*]" = "iPhone Developer";
				COPY_PHASE_STRIP = NO;
				DEBUG_INFORMATION_FORMAT = "dwarf-with-dsym";
				ENABLE_STRICT_OBJC_MSGSEND = YES;
				GCC_C_LANGUAGE_STANDARD = gnu99;
				GCC_DYNAMIC_NO_PIC = NO;
				GCC_NO_COMMON_BLOCKS = YES;
				GCC_OPTIMIZATION_LEVEL = 0;
				GCC_PREPROCESSOR_DEFINITIONS = (
					"DEBUG=1",
					"$(inherited)",
				);
				GCC_SYMBOLS_PRIVATE_EXTERN = NO;
				GCC_WARN_64_TO_32_BIT_CONVERSION = YES;
				GCC_WARN_ABOUT_RETURN_TYPE = YES_ERROR;
				GCC_WARN_UNDECLARED_SELECTOR = YES;
				GCC_WARN_UNINITIALIZED_AUTOS = YES_AGGRESSIVE;
				GCC_WARN_UNUSED_FUNCTION = YES;
				GCC_WARN_UNUSED_VARIABLE = YES;
				IPHONEOS_DEPLOYMENT_TARGET = 8.3;
				MTL_ENABLE_DEBUG_INFO = YES;
				ONLY_ACTIVE_ARCH = YES;
				SDKROOT = iphoneos;
				SWIFT_OPTIMIZATION_LEVEL = "-Onone";
			};
			name = Debug;
		};
		537379411AF30406005DFD06 /* Release */ = {
			isa = XCBuildConfiguration;
			buildSettings = {
				ALWAYS_SEARCH_USER_PATHS = NO;
				CLANG_CXX_LANGUAGE_STANDARD = "gnu++0x";
				CLANG_CXX_LIBRARY = "libc++";
				CLANG_ENABLE_MODULES = YES;
				CLANG_ENABLE_OBJC_ARC = YES;
				CLANG_WARN_BOOL_CONVERSION = YES;
				CLANG_WARN_CONSTANT_CONVERSION = YES;
				CLANG_WARN_DIRECT_OBJC_ISA_USAGE = YES_ERROR;
				CLANG_WARN_EMPTY_BODY = YES;
				CLANG_WARN_ENUM_CONVERSION = YES;
				CLANG_WARN_INT_CONVERSION = YES;
				CLANG_WARN_OBJC_ROOT_CLASS = YES_ERROR;
				CLANG_WARN_UNREACHABLE_CODE = YES;
				CLANG_WARN__DUPLICATE_METHOD_MATCH = YES;
				"CODE_SIGN_IDENTITY[sdk=iphoneos*]" = "iPhone Developer";
				COPY_PHASE_STRIP = NO;
				DEBUG_INFORMATION_FORMAT = "dwarf-with-dsym";
				ENABLE_NS_ASSERTIONS = NO;
				ENABLE_STRICT_OBJC_MSGSEND = YES;
				GCC_C_LANGUAGE_STANDARD = gnu99;
				GCC_NO_COMMON_BLOCKS = YES;
				GCC_WARN_64_TO_32_BIT_CONVERSION = YES;
				GCC_WARN_ABOUT_RETURN_TYPE = YES_ERROR;
				GCC_WARN_UNDECLARED_SELECTOR = YES;
				GCC_WARN_UNINITIALIZED_AUTOS = YES_AGGRESSIVE;
				GCC_WARN_UNUSED_FUNCTION = YES;
				GCC_WARN_UNUSED_VARIABLE = YES;
				IPHONEOS_DEPLOYMENT_TARGET = 8.3;
				MTL_ENABLE_DEBUG_INFO = NO;
				SDKROOT = iphoneos;
				VALIDATE_PRODUCT = YES;
			};
			name = Release;
		};
		537379431AF30406005DFD06 /* Debug */ = {
			isa = XCBuildConfiguration;
			baseConfigurationReference = 21DA0F054014E442B8965709 /* Pods-Esrap.debug.xcconfig */;
			buildSettings = {
				ASSETCATALOG_COMPILER_APPICON_NAME = AppIcon;
				CLANG_ENABLE_MODULES = YES;
				INFOPLIST_FILE = Esrap/Info.plist;
				LD_RUNPATH_SEARCH_PATHS = "$(inherited) @executable_path/Frameworks";
				PRODUCT_NAME = "$(TARGET_NAME)";
				SWIFT_OBJC_BRIDGING_HEADER = "Esrap-Bridging-Header.h";
				SWIFT_OPTIMIZATION_LEVEL = "-Onone";
			};
			name = Debug;
		};
		537379441AF30406005DFD06 /* Release */ = {
			isa = XCBuildConfiguration;
			baseConfigurationReference = 8259BECF67AA225DD6732EF3 /* Pods-Esrap.release.xcconfig */;
			buildSettings = {
				ASSETCATALOG_COMPILER_APPICON_NAME = AppIcon;
				CLANG_ENABLE_MODULES = YES;
				INFOPLIST_FILE = Esrap/Info.plist;
				LD_RUNPATH_SEARCH_PATHS = "$(inherited) @executable_path/Frameworks";
				PRODUCT_NAME = "$(TARGET_NAME)";
				SWIFT_OBJC_BRIDGING_HEADER = "Esrap-Bridging-Header.h";
			};
			name = Release;
		};
		537379461AF30406005DFD06 /* Debug */ = {
			isa = XCBuildConfiguration;
			buildSettings = {
				BUNDLE_LOADER = "$(TEST_HOST)";
				FRAMEWORK_SEARCH_PATHS = (
					"$(SDKROOT)/Developer/Library/Frameworks",
					"$(inherited)",
				);
				GCC_PREPROCESSOR_DEFINITIONS = (
					"DEBUG=1",
					"$(inherited)",
				);
				INFOPLIST_FILE = EsrapTests/Info.plist;
				LD_RUNPATH_SEARCH_PATHS = "$(inherited) @executable_path/Frameworks @loader_path/Frameworks";
				PRODUCT_NAME = "$(TARGET_NAME)";
				TEST_HOST = "$(BUILT_PRODUCTS_DIR)/Esrap.app/Esrap";
			};
			name = Debug;
		};
		537379471AF30406005DFD06 /* Release */ = {
			isa = XCBuildConfiguration;
			buildSettings = {
				BUNDLE_LOADER = "$(TEST_HOST)";
				FRAMEWORK_SEARCH_PATHS = (
					"$(SDKROOT)/Developer/Library/Frameworks",
					"$(inherited)",
				);
				INFOPLIST_FILE = EsrapTests/Info.plist;
				LD_RUNPATH_SEARCH_PATHS = "$(inherited) @executable_path/Frameworks @loader_path/Frameworks";
				PRODUCT_NAME = "$(TARGET_NAME)";
				TEST_HOST = "$(BUILT_PRODUCTS_DIR)/Esrap.app/Esrap";
			};
			name = Release;
		};
/* End XCBuildConfiguration section */

/* Begin XCConfigurationList section */
		5373791E1AF30406005DFD06 /* Build configuration list for PBXProject "Esrap" */ = {
			isa = XCConfigurationList;
			buildConfigurations = (
				537379401AF30406005DFD06 /* Debug */,
				537379411AF30406005DFD06 /* Release */,
			);
			defaultConfigurationIsVisible = 0;
			defaultConfigurationName = Release;
		};
		537379421AF30406005DFD06 /* Build configuration list for PBXNativeTarget "Esrap" */ = {
			isa = XCConfigurationList;
			buildConfigurations = (
				537379431AF30406005DFD06 /* Debug */,
				537379441AF30406005DFD06 /* Release */,
			);
			defaultConfigurationIsVisible = 0;
			defaultConfigurationName = Release;
		};
		537379451AF30406005DFD06 /* Build configuration list for PBXNativeTarget "EsrapTests" */ = {
			isa = XCConfigurationList;
			buildConfigurations = (
				537379461AF30406005DFD06 /* Debug */,
				537379471AF30406005DFD06 /* Release */,
			);
			defaultConfigurationIsVisible = 0;
			defaultConfigurationName = Release;
		};
/* End XCConfigurationList section */
	};
	rootObject = 5373791B1AF30406005DFD06 /* Project object */;
}
